
Microsoft Visual Studio Solution File, Format Version 12.00
# Visual Studio Version 17
VisualStudioVersion = 17.1.32210.238
MinimumVisualStudioVersion = 10.0.40219.1
Project("{FAE04EC0-301F-11D3-BF4B-00C04F79EFBC}") = "Instech.Claims.API", "Instech.Claims.API\Instech.Claims.API.csproj", "{A9D6176F-A404-4E24-95E5-462CD753F7A6}"
EndProject
Project("{FAE04EC0-301F-11D3-BF4B-00C04F79EFBC}") = "Tm.Instech.Data", "Tm.Instech.Data\Tm.Instech.Data.csproj", "{886144AF-BEF9-49C9-B2A6-983DFBA065E5}"
EndProject
Global
	GlobalSection(SolutionConfigurationPlatforms) = preSolution
		Debug|Any CPU = Debug|Any CPU
		Release|Any CPU = Release|Any CPU
	EndGlobalSection
	GlobalSection(ProjectConfigurationPlatforms) = postSolution
		{A9D6176F-A404-4E24-95E5-462CD753F7A6}.Debug|Any CPU.ActiveCfg = Debug|Any CPU
		{A9D6176F-A404-4E24-95E5-462CD753F7A6}.Debug|Any CPU.Build.0 = Debug|Any CPU
		{A9D6176F-A404-4E24-95E5-462CD753F7A6}.Release|Any CPU.ActiveCfg = Release|Any CPU
		{A9D6176F-A404-4E24-95E5-462CD753F7A6}.Release|Any CPU.Build.0 = Release|Any CPU
		{886144AF-BEF9-49C9-B2A6-983DFBA065E5}.Debug|Any CPU.ActiveCfg = Debug|Any CPU
		{886144AF-BEF9-49C9-B2A6-983DFBA065E5}.Debug|Any CPU.Build.0 = Debug|Any CPU
		{886144AF-BEF9-49C9-B2A6-983DFBA065E5}.Release|Any CPU.ActiveCfg = Release|Any CPU
		{886144AF-BEF9-49C9-B2A6-983DFBA065E5}.Release|Any CPU.Build.0 = Release|Any CPU
	EndGlobalSection
	GlobalSection(SolutionProperties) = preSolution
		HideSolutionNode = FALSE
	EndGlobalSection
	GlobalSection(ExtensibilityGlobals) = postSolution
		SolutionGuid = {EED85C09-F653-4B7B-A3E5-DD31D7886894}
	EndGlobalSection
EndGlobal
